
Microsoft Visual Studio Solution File, Format Version 12.00
# Visual Studio Version 17
VisualStudioVersion = 17.9.34723.18
MinimumVisualStudioVersion = 10.0.40219.1
Project("{9A19103F-16F7-4668-BE54-9A1E7A4F7556}") = "Domain", "Domain\Domain.csproj", "{1FF2D7B9-865C-4473-8C0D-E021737FAD76}"
EndProject
Project("{FAE04EC0-301F-11D3-BF4B-00C04F79EFBC}") = "Infrastructure", "Infrastructure\Infrastructure.csproj", "{A020745A-70F7-4A41-8C79-98C1A8AA42D4}"
EndProject
Project("{FAE04EC0-301F-11D3-BF4B-00C04F79EFBC}") = "Application", "Application\Application.csproj", "{D6298ADC-F31E-412F-9B93-97E7AE02175D}"
EndProject
Global
	GlobalSection(SolutionConfigurationPlatforms) = preSolution
		Debug|Any CPU = Debug|Any CPU
		Release|Any CPU = Release|Any CPU
	EndGlobalSection
	GlobalSection(ProjectConfigurationPlatforms) = postSolution
		{1FF2D7B9-865C-4473-8C0D-E021737FAD76}.Debug|Any CPU.ActiveCfg = Debug|Any CPU
		{1FF2D7B9-865C-4473-8C0D-E021737FAD76}.Debug|Any CPU.Build.0 = Debug|Any CPU
		{1FF2D7B9-865C-4473-8C0D-E021737FAD76}.Release|Any CPU.ActiveCfg = Release|Any CPU
		{1FF2D7B9-865C-4473-8C0D-E021737FAD76}.Release|Any CPU.Build.0 = Release|Any CPU
		{A020745A-70F7-4A41-8C79-98C1A8AA42D4}.Debug|Any CPU.ActiveCfg = Debug|Any CPU
		{A020745A-70F7-4A41-8C79-98C1A8AA42D4}.Debug|Any CPU.Build.0 = Debug|Any CPU
		{A020745A-70F7-4A41-8C79-98C1A8AA42D4}.Release|Any CPU.ActiveCfg = Release|Any CPU
		{A020745A-70F7-4A41-8C79-98C1A8AA42D4}.Release|Any CPU.Build.0 = Release|Any CPU
		{D6298ADC-F31E-412F-9B93-97E7AE02175D}.Debug|Any CPU.ActiveCfg = Debug|Any CPU
		{D6298ADC-F31E-412F-9B93-97E7AE02175D}.Debug|Any CPU.Build.0 = Debug|Any CPU
		{D6298ADC-F31E-412F-9B93-97E7AE02175D}.Release|Any CPU.ActiveCfg = Release|Any CPU
		{D6298ADC-F31E-412F-9B93-97E7AE02175D}.Release|Any CPU.Build.0 = Release|Any CPU
	EndGlobalSection
	GlobalSection(SolutionProperties) = preSolution
		HideSolutionNode = FALSE
	EndGlobalSection
	GlobalSection(ExtensibilityGlobals) = postSolution
		SolutionGuid = {808749A3-6EDC-4A17-B14E-DBE5776EF660}
	EndGlobalSection
EndGlobal
